github.com/google/go-cmp v0.5.9 h1:O2Tfq5qg4qc4AmwVlvv0oLiVAGB7enBSJ2x2DqQFi38=
github.com/google/go-cmp v0.5.9/go.mod h1:17dUlkBOakJ0+DkrSSNjCkIjxS6bF9zb3elmeNGIjoY=
github.com/gorilla/websocket v1.5.3 h1:saDtZ6Pbx/0u+bgYQ3q96pZgCzfhKXGPqt7kZ72aNNg=
github.com/gorilla/websocket v1.5.3/go.mod h1:YR8l580nyteQvAITg2hZ9XVh4b55+EU/adAjf1fMHhE=
github.com/neutralusername/Systemge v0.0.0-20240727143039-17372501b83d h1:cPYKupUzBzuBnYOm+QU8Mt0ngrJBK+2POa3mndI4RUg=
github.com/neutralusername/Systemge v0.0.0-20240727143039-17372501b83d/go.mod h1:LmK0tJ77DhyTAnjr5Zj85hgSLyT3TPWJGH3vJ6Kz7Z8=
github.com/neutralusername/Systemge v0.0.0-20240727151210-d03115fef475 h1:Tw0LaNjDj66MCXKZmtjXDs3lsC9saJ61Cvj4BsBcEdE=
github.com/neutralusername/Systemge v0.0.0-20240727151210-d03115fef475/go.mod h1:+oKIYoY+7ma/hz/XUa3Gaw3Di3GzK5I8rahrx9AXUKA=
github.com/neutralusername/Systemge v0.0.0-20240727152025-0c6d1dc9a14b h1:A4tIZPRkmbY9fBg9SFzBVzj5Ko2HAT94XX4sfc05zs0=
github.com/neutralusername/Systemge v0.0.0-20240727152025-0c6d1dc9a14b/go.mod h1:+oKIYoY+7ma/hz/XUa3Gaw3Di3GzK5I8rahrx9AXUKA=
github.com/neutralusername/Systemge v0.0.0-20240727152733-85e30976b253 h1:n/wvf8ZLof3HWofz5++rcuA5NCKeBAuK0PmYsGZjN9g=
github.com/neutralusername/Systemge v0.0.0-20240727152733-85e30976b253/go.mod h1:+oKIYoY+7ma/hz/XUa3Gaw3Di3GzK5I8rahrx9AXUKA=
github.com/neutralusername/Systemge v0.0.0-20240727153215-3150bb25c175 h1:p0vI001zNDF+zRM/Cdppb6axkThUdyJksQ34imhoOc4=
github.com/neutralusername/Systemge v0.0.0-20240727153215-3150bb25c175/go.mod h1:+oKIYoY+7ma/hz/XUa3Gaw3Di3GzK5I8rahrx9AXUKA=
github.com/neutralusername/Systemge v0.0.0-20240727154357-01621ea1f82b h1:G/NOTW9YhuSVA1OfwPwI0JxNSAvJQcyZmcH/u9K/Je8=
github.com/neutralusername/Systemge v0.0.0-20240727154357-01621ea1f82b/go.mod h1:+oKIYoY+7ma/hz/XUa3Gaw3Di3GzK5I8rahrx9AXUKA=
github.com/neutralusername/Systemge v0.0.0-20240727155448-2f1a35f5f22b h1:O9pGDE24I+gbWij4ewCNsb00s69+oq0ZN4uSZlAeG4s=
github.com/neutralusername/Systemge v0.0.0-20240727155448-2f1a35f5f22b/go.mod h1:+oKIYoY+7ma/hz/XUa3Gaw3Di3GzK5I8rahrx9AXUKA=
github.com/neutralusername/Systemge v0.0.0-20240727161106-cf17c003cfa2 h1:AqbMuUhF71/Rjh6Ke/nuGnR0RDL2SZbmXf2ldD3Xk1M=
github.com/neutralusername/Systemge v0.0.0-20240727161106-cf17c003cfa2/go.mod h1:+oKIYoY+7ma/hz/XUa3Gaw3Di3GzK5I8rahrx9AXUKA=
github.com/neutralusername/Systemge v0.0.0-20240727193603-a8595128d60f h1:ERABfITrLaduidZ6HPN2r3pzLGWT8FB5ahZq1VWGrsE=
github.com/neutralusername/Systemge v0.0.0-20240727193603-a8595128d60f/go.mod h1:+oKIYoY+7ma/hz/XUa3Gaw3Di3GzK5I8rahrx9AXUKA=
github.com/neutralusername/Systemge v0.0.0-20240727194247-a455164d3cbb h1:YSpt1Zd07BLoclSLstH7DMyRTGz95FS4BJgIhhBmNic=
github.com/neutralusername/Systemge v0.0.0-20240727194247-a455164d3cbb/go.mod h1:+oKIYoY+7ma/hz/XUa3Gaw3Di3GzK5I8rahrx9AXUKA=
github.com/neutralusername/Systemge v0.0.0-20240727195705-148636590553 h1:OvRpBVhLeNn3VH/KHCzLRQHchvP2sB3P/Qbc8GK7XsU=
github.com/neutralusername/Systemge v0.0.0-20240727195705-148636590553/go.mod h1:+oKIYoY+7ma/hz/XUa3Gaw3Di3GzK5I8rahrx9AXUKA=
github.com/neutralusername/Systemge v0.0.0-20240727202351-53ccbda40a3a h1:cEvOepvOmawpuy9KROC3g6xVTQ/lS046/mIBr5BGiek=
github.com/neutralusername/Systemge v0.0.0-20240727202351-53ccbda40a3a/go.mod h1:+oKIYoY+7ma/hz/XUa3Gaw3Di3GzK5I8rahrx9AXUKA=
github.com/neutralusername/Systemge v0.0.0-20240727203346-d15554796d0c h1:EgqTWCMNMS9LF7d5kS58b7McJiHXaPZ5LUP/Fk9nQBk=
github.com/neutralusername/Systemge v0.0.0-20240727203346-d15554796d0c/go.mod h1:+oKIYoY+7ma/hz/XUa3Gaw3Di3GzK5I8rahrx9AXUKA=
github.com/neutralusername/Systemge v0.0.0-20240727205044-8943709e4b46 h1:CA4WisF7E9pjCT8mDrx6aww32ZH73mYfB5rlNFsHN2Q=
github.com/neutralusername/Systemge v0.0.0-20240727205044-8943709e4b46/go.mod h1:+oKIYoY+7ma/hz/XUa3Gaw3Di3GzK5I8rahrx9AXUKA=
golang.org/x/oauth2 v0.21.0 h1:tsimM75w1tF/uws5rbeHzIWxEqElMehnc+iW793zsZs=
golang.org/x/oauth2 v0.21.0/go.mod h1:XYTD2NtWslqkgxebSiOHnXEap4TF09sJSc7H1sXbhtI=
