github.com/google/go-cmp v0.5.9 h1:O2Tfq5qg4qc4AmwVlvv0oLiVAGB7enBSJ2x2DqQFi38=
github.com/google/go-cmp v0.5.9/go.mod h1:17dUlkBOakJ0+DkrSSNjCkIjxS6bF9zb3elmeNGIjoY=
github.com/gorilla/websocket v1.5.3 h1:saDtZ6Pbx/0u+bgYQ3q96pZgCzfhKXGPqt7kZ72aNNg=
github.com/gorilla/websocket v1.5.3/go.mod h1:YR8l580nyteQvAITg2hZ9XVh4b55+EU/adAjf1fMHhE=
github.com/neutralusername/Systemge v0.0.0-20240920150811-762a862539cc h1:sgrEUe5BflzrgI0a5YHcfX2uo0D71p1txmasIHJQGio=
github.com/neutralusername/Systemge v0.0.0-20240920150811-762a862539cc/go.mod h1:xUsJZVkfPHoEJ1dH+ZRM7nBiQenuObLGUYCsJLpcO4U=
github.com/neutralusername/systemge v0.0.0-20241020191521-507742b74750 h1:thX4vJksKmbmQqeGnoCcRtLmf+7sWmGpRwCY5JGl6DQ=
github.com/neutralusername/systemge v0.0.0-20241020191521-507742b74750/go.mod h1:LM/rU1xR5MKCegpKxJztnBS0N8v+6FnC7/rB7oqUAlU=
github.com/neutralusername/systemge v0.0.0-20241022112708-5aa0ed533784 h1:+Bb2HWCujT0rCCIJBpEMwAo4oZps6ebWrrwhKzmkYnI=
github.com/neutralusername/systemge v0.0.0-20241022112708-5aa0ed533784/go.mod h1:LM/rU1xR5MKCegpKxJztnBS0N8v+6FnC7/rB7oqUAlU=
github.com/neutralusername/systemge v0.0.0-20241022114352-b12479a97be2 h1:esej0k1pcPFeWlqdCObYQrwY5HVl3SH4yY5a0cKqwmI=
github.com/neutralusername/systemge v0.0.0-20241022114352-b12479a97be2/go.mod h1:LM/rU1xR5MKCegpKxJztnBS0N8v+6FnC7/rB7oqUAlU=
github.com/neutralusername/systemge v0.0.0-20241024160200-26abf56e7c16 h1:Pvit7H17E1Vom9tDD5R0d8IPmKb7ZxPfojZoRahz2Bs=
github.com/neutralusername/systemge v0.0.0-20241024160200-26abf56e7c16/go.mod h1:8Ecp6VSzDeLWQGP3WYgKYk7rd6fRsnRyOlNOLCqWcYY=
github.com/neutralusername/systemge v0.0.0-20241024160533-a0b1b7996b37 h1:j27vtvB717JuoV+4QghEJzelZV57As4nBKGfmv4pF54=
github.com/neutralusername/systemge v0.0.0-20241024160533-a0b1b7996b37/go.mod h1:8Ecp6VSzDeLWQGP3WYgKYk7rd6fRsnRyOlNOLCqWcYY=
github.com/neutralusername/systemge v0.0.0-20241024161937-adac3cd273ea h1:xsbGDWTStP/T9NqzAUmFeKhqzJc+6SfZZSwP7Tuq2Tg=
github.com/neutralusername/systemge v0.0.0-20241024161937-adac3cd273ea/go.mod h1:8Ecp6VSzDeLWQGP3WYgKYk7rd6fRsnRyOlNOLCqWcYY=
github.com/neutralusername/systemge v0.0.0-20241024165050-ca416ebdca9b h1:H5m4cXMWh/Hs/r/CUMCH+Kv+a7aYq3QNYuL+pqEkIpg=
github.com/neutralusername/systemge v0.0.0-20241024165050-ca416ebdca9b/go.mod h1:8Ecp6VSzDeLWQGP3WYgKYk7rd6fRsnRyOlNOLCqWcYY=
golang.org/x/oauth2 v0.21.0 h1:tsimM75w1tF/uws5rbeHzIWxEqElMehnc+iW793zsZs=
golang.org/x/oauth2 v0.21.0/go.mod h1:XYTD2NtWslqkgxebSiOHnXEap4TF09sJSc7H1sXbhtI=
